
Microsoft Visual Studio Solution File, Format Version 12.00
# Visual Studio Version 17
VisualStudioVersion = 17.11.35303.130
MinimumVisualStudioVersion = 10.0.40219.1
Project("{2150E333-8FDC-42A3-9474-1A3956D46DE8}") = "Src", "Src", "{00EFB132-FBE1-4ADD-A98E-0E0A433D84A7}"
EndProject
Project("{2150E333-8FDC-42A3-9474-1A3956D46DE8}") = "Domain", "Domain", "{8D514268-9912-4B02-9FC0-B1C1BAF60CC9}"
EndProject
Project("{2150E333-8FDC-42A3-9474-1A3956D46DE8}") = "Infrastructure", "Infrastructure", "{850DA8F4-1342-400C-9DDD-326B47DDFEA6}"
EndProject
Project("{2150E333-8FDC-42A3-9474-1A3956D46DE8}") = "Common", "Common", "{B95D4E94-3640-48F9-929E-023A149144D8}"
EndProject
Project("{2150E333-8FDC-42A3-9474-1A3956D46DE8}") = "Presentation", "Presentation", "{75AA9F03-95E9-41B4-9D1D-82081718D454}"
EndProject
Project("{2150E333-8FDC-42A3-9474-1A3956D46DE8}") = "Application", "Application", "{7503AFD1-F240-47E7-9345-B3A85BD679F3}"
EndProject
Project("{2150E333-8FDC-42A3-9474-1A3956D46DE8}") = "DomainCore", "DomainCore", "{53385D64-CCD0-4DE8-BABF-19838FC6866C}"
EndProject
Project("{FAE04EC0-301F-11D3-BF4B-00C04F79EFBC}") = "PruebaTecnicaSivar.Domain", "PruebaTecnicaSivar.Domain\PruebaTecnicaSivar.Domain.csproj", "{28C4E2C4-6916-4BD9-BB22-420C2DCEC902}"
EndProject
Project("{FAE04EC0-301F-11D3-BF4B-00C04F79EFBC}") = "PruebaTecnicaSivar.ApplicationDomain", "PruebaTecnicaSivar.ApplicationDomain\PruebaTecnicaSivar.ApplicationDomain.csproj", "{2E6C34A6-8CEC-418B-89E9-639C6A997C8F}"
EndProject
Project("{FAE04EC0-301F-11D3-BF4B-00C04F79EFBC}") = "PruebaTecnicaSivar.DomainCommon", "PruebaTecnicaSivar.DomainCommon\PruebaTecnicaSivar.DomainCommon.csproj", "{6FA7F76A-8F7F-46F5-B48F-CEB1C895F2EB}"
EndProject
Project("{FAE04EC0-301F-11D3-BF4B-00C04F79EFBC}") = "PruebaTecnicaSivar.Infrastructure", "PruebaTecnicaSivar.Infraestructure\PruebaTecnicaSivar.Infrastructure.csproj", "{261CD880-7E5D-4645-969D-9487F77E64E7}"
EndProject
Project("{FAE04EC0-301F-11D3-BF4B-00C04F79EFBC}") = "PruebaTecnicaSivar.API", "PruebaTecnicaSivar.API\PruebaTecnicaSivar.API.csproj", "{7B23A400-2B01-46A4-978C-55093F4F5158}"
EndProject
Global
	GlobalSection(SolutionConfigurationPlatforms) = preSolution
		Debug|Any CPU = Debug|Any CPU
		Release|Any CPU = Release|Any CPU
	EndGlobalSection
	GlobalSection(ProjectConfigurationPlatforms) = postSolution
		{28C4E2C4-6916-4BD9-BB22-420C2DCEC902}.Debug|Any CPU.ActiveCfg = Debug|Any CPU
		{28C4E2C4-6916-4BD9-BB22-420C2DCEC902}.Debug|Any CPU.Build.0 = Debug|Any CPU
		{28C4E2C4-6916-4BD9-BB22-420C2DCEC902}.Release|Any CPU.ActiveCfg = Release|Any CPU
		{28C4E2C4-6916-4BD9-BB22-420C2DCEC902}.Release|Any CPU.Build.0 = Release|Any CPU
		{2E6C34A6-8CEC-418B-89E9-639C6A997C8F}.Debug|Any CPU.ActiveCfg = Debug|Any CPU
		{2E6C34A6-8CEC-418B-89E9-639C6A997C8F}.Debug|Any CPU.Build.0 = Debug|Any CPU
		{2E6C34A6-8CEC-418B-89E9-639C6A997C8F}.Release|Any CPU.ActiveCfg = Release|Any CPU
		{2E6C34A6-8CEC-418B-89E9-639C6A997C8F}.Release|Any CPU.Build.0 = Release|Any CPU
		{6FA7F76A-8F7F-46F5-B48F-CEB1C895F2EB}.Debug|Any CPU.ActiveCfg = Debug|Any CPU
		{6FA7F76A-8F7F-46F5-B48F-CEB1C895F2EB}.Debug|Any CPU.Build.0 = Debug|Any CPU
		{6FA7F76A-8F7F-46F5-B48F-CEB1C895F2EB}.Release|Any CPU.ActiveCfg = Release|Any CPU
		{6FA7F76A-8F7F-46F5-B48F-CEB1C895F2EB}.Release|Any CPU.Build.0 = Release|Any CPU
		{261CD880-7E5D-4645-969D-9487F77E64E7}.Debug|Any CPU.ActiveCfg = Debug|Any CPU
		{261CD880-7E5D-4645-969D-9487F77E64E7}.Debug|Any CPU.Build.0 = Debug|Any CPU
		{261CD880-7E5D-4645-969D-9487F77E64E7}.Release|Any CPU.ActiveCfg = Release|Any CPU
		{261CD880-7E5D-4645-969D-9487F77E64E7}.Release|Any CPU.Build.0 = Release|Any CPU
		{7B23A400-2B01-46A4-978C-55093F4F5158}.Debug|Any CPU.ActiveCfg = Debug|Any CPU
		{7B23A400-2B01-46A4-978C-55093F4F5158}.Debug|Any CPU.Build.0 = Debug|Any CPU
		{7B23A400-2B01-46A4-978C-55093F4F5158}.Release|Any CPU.ActiveCfg = Release|Any CPU
		{7B23A400-2B01-46A4-978C-55093F4F5158}.Release|Any CPU.Build.0 = Release|Any CPU
	EndGlobalSection
	GlobalSection(SolutionProperties) = preSolution
		HideSolutionNode = FALSE
	EndGlobalSection
	GlobalSection(NestedProjects) = preSolution
		{8D514268-9912-4B02-9FC0-B1C1BAF60CC9} = {00EFB132-FBE1-4ADD-A98E-0E0A433D84A7}
		{850DA8F4-1342-400C-9DDD-326B47DDFEA6} = {00EFB132-FBE1-4ADD-A98E-0E0A433D84A7}
		{75AA9F03-95E9-41B4-9D1D-82081718D454} = {00EFB132-FBE1-4ADD-A98E-0E0A433D84A7}
		{7503AFD1-F240-47E7-9345-B3A85BD679F3} = {8D514268-9912-4B02-9FC0-B1C1BAF60CC9}
		{53385D64-CCD0-4DE8-BABF-19838FC6866C} = {8D514268-9912-4B02-9FC0-B1C1BAF60CC9}
		{28C4E2C4-6916-4BD9-BB22-420C2DCEC902} = {53385D64-CCD0-4DE8-BABF-19838FC6866C}
		{2E6C34A6-8CEC-418B-89E9-639C6A997C8F} = {7503AFD1-F240-47E7-9345-B3A85BD679F3}
		{6FA7F76A-8F7F-46F5-B48F-CEB1C895F2EB} = {B95D4E94-3640-48F9-929E-023A149144D8}
		{261CD880-7E5D-4645-969D-9487F77E64E7} = {850DA8F4-1342-400C-9DDD-326B47DDFEA6}
		{7B23A400-2B01-46A4-978C-55093F4F5158} = {75AA9F03-95E9-41B4-9D1D-82081718D454}
	EndGlobalSection
	GlobalSection(ExtensibilityGlobals) = postSolution
		SolutionGuid = {69F9F902-72F2-46A0-9B26-6B166346A9E1}
	EndGlobalSection
EndGlobal
